// !$*UTF8*$!
{
	archiveVersion = 1;
	classes = {
	};
	objectVersion = 46;
	objects = {

/* Begin PBXBuildFile section */
		8842B1E81AF6ECBD000FFC99 /* main.m in Sources */ = {isa = PBXBuildFile; fileRef = 8842B1E71AF6ECBD000FFC99 /* main.m */; };
		8842B1EB1AF6ECBD000FFC99 /* AppDelegate.m in Sources */ = {isa = PBXBuildFile; fileRef = 8842B1EA1AF6ECBD000FFC99 /* AppDelegate.m */; };
		8842B1EE1AF6ECBD000FFC99 /* ViewController.m in Sources */ = {isa = PBXBuildFile; fileRef = 8842B1ED1AF6ECBD000FFC99 /* ViewController.m */; };
		8842B1F11AF6ECBD000FFC99 /* Main.storyboard in Resources */ = {isa = PBXBuildFile; fileRef = 8842B1EF1AF6ECBD000FFC99 /* Main.storyboard */; };
		8842B1F31AF6ECBD000FFC99 /* Images.xcassets in Resources */ = {isa = PBXBuildFile; fileRef = 8842B1F21AF6ECBD000FFC99 /* Images.xcassets */; };
		8842B1F61AF6ECBD000FFC99 /* LaunchScreen.xib in Resources */ = {isa = PBXBuildFile; fileRef = 8842B1F41AF6ECBD000FFC99 /* LaunchScreen.xib */; };
		884ED38A1AF6F412009CE403 /* AppDelegate.m in Sources */ = {isa = PBXBuildFile; fileRef = 884ED3891AF6F412009CE403 /* AppDelegate.m */; };
		884ED38C1AF6F412009CE403 /* main.m in Sources */ = {isa = PBXBuildFile; fileRef = 884ED38B1AF6F412009CE403 /* main.m */; };
		884ED38E1AF6F412009CE403 /* Images.xcassets in Resources */ = {isa = PBXBuildFile; fileRef = 884ED38D1AF6F412009CE403 /* Images.xcassets */; };
		884ED3911AF6F412009CE403 /* MainMenu.xib in Resources */ = {isa = PBXBuildFile; fileRef = 884ED38F1AF6F412009CE403 /* MainMenu.xib */; };
		884ED3A41AF6F504009CE403 /* JSQSystemSoundPlayer.framework in Frameworks */ = {isa = PBXBuildFile; fileRef = 887220381AF6EDF6005EB2C3 /* JSQSystemSoundPlayer.framework */; };
		884ED3A51AF6F504009CE403 /* JSQSystemSoundPlayer.framework in Embed Frameworks */ = {isa = PBXBuildFile; fileRef = 887220381AF6EDF6005EB2C3 /* JSQSystemSoundPlayer.framework */; settings = {ATTRIBUTES = (CodeSignOnCopy, RemoveHeadersOnCopy, ); }; };
		884ED3AD1AF6F56B009CE403 /* BalladPiano.caf in Resources */ = {isa = PBXBuildFile; fileRef = 884ED3AA1AF6F56B009CE403 /* BalladPiano.caf */; };
		884ED3AE1AF6F56B009CE403 /* Basso.aif in Resources */ = {isa = PBXBuildFile; fileRef = 884ED3AB1AF6F56B009CE403 /* Basso.aif */; };
		884ED3AF1AF6F56B009CE403 /* Funk.aiff in Resources */ = {isa = PBXBuildFile; fileRef = 884ED3AC1AF6F56B009CE403 /* Funk.aiff */; };
		8872203A1AF6EE3F005EB2C3 /* JSQSystemSoundPlayer.framework in Frameworks */ = {isa = PBXBuildFile; fileRef = 887220341AF6EDF6005EB2C3 /* JSQSystemSoundPlayer.framework */; };
		8872203B1AF6EE3F005EB2C3 /* JSQSystemSoundPlayer.framework in Embed Frameworks */ = {isa = PBXBuildFile; fileRef = 887220341AF6EDF6005EB2C3 /* JSQSystemSoundPlayer.framework */; settings = {ATTRIBUTES = (CodeSignOnCopy, RemoveHeadersOnCopy, ); }; };
		887220451AF6EEAE005EB2C3 /* BalladPiano.caf in Resources */ = {isa = PBXBuildFile; fileRef = 887220421AF6EEAE005EB2C3 /* BalladPiano.caf */; };
		887220461AF6EEAE005EB2C3 /* Basso.aif in Resources */ = {isa = PBXBuildFile; fileRef = 887220431AF6EEAE005EB2C3 /* Basso.aif */; };
		887220471AF6EEAE005EB2C3 /* Funk.aiff in Resources */ = {isa = PBXBuildFile; fileRef = 887220441AF6EEAE005EB2C3 /* Funk.aiff */; };
/* End PBXBuildFile section */

/* Begin PBXContainerItemProxy section */
		884ED3A61AF6F504009CE403 /* PBXContainerItemProxy */ = {
			isa = PBXContainerItemProxy;
			containerPortal = 8872202D1AF6EDF6005EB2C3 /* JSQSystemSoundPlayer.xcodeproj */;
			proxyType = 1;
			remoteGlobalIDString = 884DF6621AF6E96700D97D16;
			remoteInfo = "JSQSystemSoundPlayer-OSX";
		};
		887220331AF6EDF6005EB2C3 /* PBXContainerItemProxy */ = {
			isa = PBXContainerItemProxy;
			containerPortal = 8872202D1AF6EDF6005EB2C3 /* JSQSystemSoundPlayer.xcodeproj */;
			proxyType = 2;
			remoteGlobalIDString = 8892FA9E1AF6E4DA00F2D347;
			remoteInfo = "JSQSystemSoundPlayer-iOS";
		};
		887220351AF6EDF6005EB2C3 /* PBXContainerItemProxy */ = {
			isa = PBXContainerItemProxy;
			containerPortal = 8872202D1AF6EDF6005EB2C3 /* JSQSystemSoundPlayer.xcodeproj */;
			proxyType = 2;
			remoteGlobalIDString = 8892FAA91AF6E4DA00F2D347;
			remoteInfo = JSQSystemSoundPlayerTests;
		};
		887220371AF6EDF6005EB2C3 /* PBXContainerItemProxy */ = {
			isa = PBXContainerItemProxy;
			containerPortal = 8872202D1AF6EDF6005EB2C3 /* JSQSystemSoundPlayer.xcodeproj */;
			proxyType = 2;
			remoteGlobalIDString = 884DF6631AF6E96700D97D16;
			remoteInfo = "JSQSystemSoundPlayer-OSX";
		};
		8872203C1AF6EE3F005EB2C3 /* PBXContainerItemProxy */ = {
			isa = PBXContainerItemProxy;
			containerPortal = 8872202D1AF6EDF6005EB2C3 /* JSQSystemSoundPlayer.xcodeproj */;
			proxyType = 1;
			remoteGlobalIDString = 8892FA9D1AF6E4DA00F2D347;
			remoteInfo = "JSQSystemSoundPlayer-iOS";
		};
/* End PBXContainerItemProxy section */

/* Begin PBXCopyFilesBuildPhase section */
		884ED3A81AF6F504009CE403 /* Embed Frameworks */ = {
			isa = PBXCopyFilesBuildPhase;
			buildActionMask = 2147483647;
			dstPath = "";
			dstSubfolderSpec = 10;
			files = (
				884ED3A51AF6F504009CE403 /* JSQSystemSoundPlayer.framework in Embed Frameworks */,
			);
			name = "Embed Frameworks";
			runOnlyForDeploymentPostprocessing = 0;
		};
		8872203E1AF6EE3F005EB2C3 /* Embed Frameworks */ = {
			isa = PBXCopyFilesBuildPhase;
			buildActionMask = 2147483647;
			dstPath = "";
			dstSubfolderSpec = 10;
			files = (
				8872203B1AF6EE3F005EB2C3 /* JSQSystemSoundPlayer.framework in Embed Frameworks */,
			);
			name = "Embed Frameworks";
			runOnlyForDeploymentPostprocessing = 0;
		};
/* End PBXCopyFilesBuildPhase section */

/* Begin PBXFileReference section */
		8842B1E21AF6ECBD000FFC99 /* SoundPlayer.app */ = {isa = PBXFileReference; explicitFileType = wrapper.application; includeInIndex = 0; path = SoundPlayer.app; sourceTree = BUILT_PRODUCTS_DIR; };
		8842B1E61AF6ECBD000FFC99 /* Info.plist */ = {isa = PBXFileReference; lastKnownFileType = text.plist.xml; path = Info.plist; sourceTree = "<group>"; };
		8842B1E71AF6ECBD000FFC99 /* main.m */ = {isa = PBXFileReference; lastKnownFileType = sourcecode.c.objc; path = main.m; sourceTree = "<group>"; };
		8842B1E91AF6ECBD000FFC99 /* AppDelegate.h */ = {isa = PBXFileReference; lastKnownFileType = sourcecode.c.h; path = AppDelegate.h; sourceTree = "<group>"; };
		8842B1EA1AF6ECBD000FFC99 /* AppDelegate.m */ = {isa = PBXFileReference; lastKnownFileType = sourcecode.c.objc; path = AppDelegate.m; sourceTree = "<group>"; };
		8842B1EC1AF6ECBD000FFC99 /* ViewController.h */ = {isa = PBXFileReference; lastKnownFileType = sourcecode.c.h; path = ViewController.h; sourceTree = "<group>"; };
		8842B1ED1AF6ECBD000FFC99 /* ViewController.m */ = {isa = PBXFileReference; lastKnownFileType = sourcecode.c.objc; path = ViewController.m; sourceTree = "<group>"; };
		8842B1F01AF6ECBD000FFC99 /* Base */ = {isa = PBXFileReference; lastKnownFileType = file.storyboard; name = Base; path = Base.lproj/Main.storyboard; sourceTree = "<group>"; };
		8842B1F21AF6ECBD000FFC99 /* Images.xcassets */ = {isa = PBXFileReference; lastKnownFileType = folder.assetcatalog; path = Images.xcassets; sourceTree = "<group>"; };
		8842B1F51AF6ECBD000FFC99 /* Base */ = {isa = PBXFileReference; lastKnownFileType = file.xib; name = Base; path = Base.lproj/LaunchScreen.xib; sourceTree = "<group>"; };
		884ED3841AF6F412009CE403 /* Example-OSX.app */ = {isa = PBXFileReference; explicitFileType = wrapper.application; includeInIndex = 0; path = "Example-OSX.app"; sourceTree = BUILT_PRODUCTS_DIR; };
		884ED3871AF6F412009CE403 /* Info.plist */ = {isa = PBXFileReference; lastKnownFileType = text.plist.xml; path = Info.plist; sourceTree = "<group>"; };
		884ED3881AF6F412009CE403 /* AppDelegate.h */ = {isa = PBXFileReference; lastKnownFileType = sourcecode.c.h; path = AppDelegate.h; sourceTree = "<group>"; };
		884ED3891AF6F412009CE403 /* AppDelegate.m */ = {isa = PBXFileReference; lastKnownFileType = sourcecode.c.objc; path = AppDelegate.m; sourceTree = "<group>"; };
		884ED38B1AF6F412009CE403 /* main.m */ = {isa = PBXFileReference; lastKnownFileType = sourcecode.c.objc; path = main.m; sourceTree = "<group>"; };
		884ED38D1AF6F412009CE403 /* Images.xcassets */ = {isa = PBXFileReference; lastKnownFileType = folder.assetcatalog; path = Images.xcassets; sourceTree = "<group>"; };
		884ED3901AF6F412009CE403 /* Base */ = {isa = PBXFileReference; lastKnownFileType = file.xib; name = Base; path = Base.lproj/MainMenu.xib; sourceTree = "<group>"; };
		884ED3AA1AF6F56B009CE403 /* BalladPiano.caf */ = {isa = PBXFileReference; lastKnownFileType = file; path = BalladPiano.caf; sourceTree = "<group>"; };
		884ED3AB1AF6F56B009CE403 /* Basso.aif */ = {isa = PBXFileReference; lastKnownFileType = file; path = Basso.aif; sourceTree = "<group>"; };
		884ED3AC1AF6F56B009CE403 /* Funk.aiff */ = {isa = PBXFileReference; lastKnownFileType = audio.aiff; path = Funk.aiff; sourceTree = "<group>"; };
		8872202D1AF6EDF6005EB2C3 /* JSQSystemSoundPlayer.xcodeproj */ = {isa = PBXFileReference; lastKnownFileType = "wrapper.pb-project"; name = JSQSystemSoundPlayer.xcodeproj; path = ../JSQSystemSoundPlayer/JSQSystemSoundPlayer.xcodeproj; sourceTree = "<group>"; };
		887220421AF6EEAE005EB2C3 /* BalladPiano.caf */ = {isa = PBXFileReference; lastKnownFileType = file; path = BalladPiano.caf; sourceTree = "<group>"; };
		887220431AF6EEAE005EB2C3 /* Basso.aif */ = {isa = PBXFileReference; lastKnownFileType = file; path = Basso.aif; sourceTree = "<group>"; };
		887220441AF6EEAE005EB2C3 /* Funk.aiff */ = {isa = PBXFileReference; lastKnownFileType = audio.aiff; path = Funk.aiff; sourceTree = "<group>"; };
/* End PBXFileReference section */

/* Begin PBXFrameworksBuildPhase section */
		8842B1DF1AF6ECBD000FFC99 /* Frameworks */ = {
			isa = PBXFrameworksBuildPhase;
			buildActionMask = 2147483647;
			files = (
				8872203A1AF6EE3F005EB2C3 /* JSQSystemSoundPlayer.framework in Frameworks */,
			);
			runOnlyForDeploymentPostprocessing = 0;
		};
		884ED3811AF6F412009CE403 /* Frameworks */ = {
			isa = PBXFrameworksBuildPhase;
			buildActionMask = 2147483647;
			files = (
				884ED3A41AF6F504009CE403 /* JSQSystemSoundPlayer.framework in Frameworks */,
			);
			runOnlyForDeploymentPostprocessing = 0;
		};
/* End PBXFrameworksBuildPhase section */

/* Begin PBXGroup section */
		8842B1D91AF6ECBD000FFC99 = {
			isa = PBXGroup;
			children = (
				8842B1E41AF6ECBD000FFC99 /* Example-iOS */,
				884ED3851AF6F412009CE403 /* Example-OSX */,
				8842B1E31AF6ECBD000FFC99 /* Products */,
				8872202D1AF6EDF6005EB2C3 /* JSQSystemSoundPlayer.xcodeproj */,
			);
			sourceTree = "<group>";
		};
		8842B1E31AF6ECBD000FFC99 /* Products */ = {
			isa = PBXGroup;
			children = (
				8842B1E21AF6ECBD000FFC99 /* SoundPlayer.app */,
				884ED3841AF6F412009CE403 /* Example-OSX.app */,
			);
			name = Products;
			sourceTree = "<group>";
		};
		8842B1E41AF6ECBD000FFC99 /* Example-iOS */ = {
			isa = PBXGroup;
			children = (
				8842B1E91AF6ECBD000FFC99 /* AppDelegate.h */,
				8842B1EA1AF6ECBD000FFC99 /* AppDelegate.m */,
				8842B1F21AF6ECBD000FFC99 /* Images.xcassets */,
				8842B1F41AF6ECBD000FFC99 /* LaunchScreen.xib */,
				8842B1EF1AF6ECBD000FFC99 /* Main.storyboard */,
				887220411AF6EEAE005EB2C3 /* Sample sounds */,
				8842B1E51AF6ECBD000FFC99 /* Supporting Files */,
				8842B1EC1AF6ECBD000FFC99 /* ViewController.h */,
				8842B1ED1AF6ECBD000FFC99 /* ViewController.m */,
			);
			name = "Example-iOS";
			path = Example;
			sourceTree = "<group>";
		};
		8842B1E51AF6ECBD000FFC99 /* Supporting Files */ = {
			isa = PBXGroup;
			children = (
				8842B1E61AF6ECBD000FFC99 /* Info.plist */,
				8842B1E71AF6ECBD000FFC99 /* main.m */,
			);
			name = "Supporting Files";
			sourceTree = "<group>";
		};
		884ED3851AF6F412009CE403 /* Example-OSX */ = {
			isa = PBXGroup;
			children = (
				884ED3881AF6F412009CE403 /* AppDelegate.h */,
				884ED3891AF6F412009CE403 /* AppDelegate.m */,
				884ED38D1AF6F412009CE403 /* Images.xcassets */,
				884ED38F1AF6F412009CE403 /* MainMenu.xib */,
				884ED3A91AF6F56B009CE403 /* Sample sounds */,
				884ED3861AF6F412009CE403 /* Supporting Files */,
			);
			path = "Example-OSX";
			sourceTree = "<group>";
		};
		884ED3861AF6F412009CE403 /* Supporting Files */ = {
			isa = PBXGroup;
			children = (
				884ED3871AF6F412009CE403 /* Info.plist */,
				884ED38B1AF6F412009CE403 /* main.m */,
			);
			name = "Supporting Files";
			sourceTree = "<group>";
		};
		884ED3A91AF6F56B009CE403 /* Sample sounds */ = {
			isa = PBXGroup;
			children = (
				884ED3AA1AF6F56B009CE403 /* BalladPiano.caf */,
				884ED3AB1AF6F56B009CE403 /* Basso.aif */,
				884ED3AC1AF6F56B009CE403 /* Funk.aiff */,
			);
			name = "Sample sounds";
			path = "../../JSQSystemSoundPlayer/JSQSystemSoundPlayerTests/Sample sounds";
			sourceTree = "<group>";
		};
		8872202E1AF6EDF6005EB2C3 /* Products */ = {
			isa = PBXGroup;
			children = (
				887220341AF6EDF6005EB2C3 /* JSQSystemSoundPlayer.framework */,
				887220361AF6EDF6005EB2C3 /* JSQSystemSoundPlayerTests.xctest */,
				887220381AF6EDF6005EB2C3 /* JSQSystemSoundPlayer.framework */,
			);
			name = Products;
			sourceTree = "<group>";
		};
		887220411AF6EEAE005EB2C3 /* Sample sounds */ = {
			isa = PBXGroup;
			children = (
				887220421AF6EEAE005EB2C3 /* BalladPiano.caf */,
				887220431AF6EEAE005EB2C3 /* Basso.aif */,
				887220441AF6EEAE005EB2C3 /* Funk.aiff */,
			);
			name = "Sample sounds";
			path = "../../JSQSystemSoundPlayer/JSQSystemSoundPlayerTests/Sample sounds";
			sourceTree = "<group>";
		};
/* End PBXGroup section */

/* Begin PBXNativeTarget section */
		8842B1E11AF6ECBD000FFC99 /* Example-iOS */ = {
			isa = PBXNativeTarget;
			buildConfigurationList = 8842B2051AF6ECBD000FFC99 /* Build configuration list for PBXNativeTarget "Example-iOS" */;
			buildPhases = (
				8842B1DE1AF6ECBD000FFC99 /* Sources */,
				8842B1DF1AF6ECBD000FFC99 /* Frameworks */,
				8842B1E01AF6ECBD000FFC99 /* Resources */,
				8872203E1AF6EE3F005EB2C3 /* Embed Frameworks */,
			);
			buildRules = (
			);
			dependencies = (
				8872203D1AF6EE3F005EB2C3 /* PBXTargetDependency */,
			);
			name = "Example-iOS";
			productName = Example;
			productReference = 8842B1E21AF6ECBD000FFC99 /* SoundPlayer.app */;
			productType = "com.apple.product-type.application";
		};
		884ED3831AF6F412009CE403 /* Example-OSX */ = {
			isa = PBXNativeTarget;
			buildConfigurationList = 884ED39E1AF6F412009CE403 /* Build configuration list for PBXNativeTarget "Example-OSX" */;
			buildPhases = (
				884ED3801AF6F412009CE403 /* Sources */,
				884ED3811AF6F412009CE403 /* Frameworks */,
				884ED3821AF6F412009CE403 /* Resources */,
				884ED3A81AF6F504009CE403 /* Embed Frameworks */,
			);
			buildRules = (
			);
			dependencies = (
				884ED3A71AF6F504009CE403 /* PBXTargetDependency */,
			);
			name = "Example-OSX";
			productName = "Example-OSX";
			productReference = 884ED3841AF6F412009CE403 /* Example-OSX.app */;
			productType = "com.apple.product-type.application";
		};
/* End PBXNativeTarget section */

/* Begin PBXProject section */
		8842B1DA1AF6ECBD000FFC99 /* Project object */ = {
			isa = PBXProject;
			attributes = {
				LastUpgradeCheck = 0700;
				ORGANIZATIONNAME = "Hexed Bits";
				TargetAttributes = {
					8842B1E11AF6ECBD000FFC99 = {
						CreatedOnToolsVersion = 6.3.1;
					};
					884ED3831AF6F412009CE403 = {
						CreatedOnToolsVersion = 6.3.1;
					};
				};
			};
			buildConfigurationList = 8842B1DD1AF6ECBD000FFC99 /* Build configuration list for PBXProject "Example" */;
			compatibilityVersion = "Xcode 3.2";
			developmentRegion = English;
			hasScannedForEncodings = 0;
			knownRegions = (
				en,
				Base,
			);
			mainGroup = 8842B1D91AF6ECBD000FFC99;
			productRefGroup = 8842B1E31AF6ECBD000FFC99 /* Products */;
			projectDirPath = "";
			projectReferences = (
				{
					ProductGroup = 8872202E1AF6EDF6005EB2C3 /* Products */;
					ProjectRef = 8872202D1AF6EDF6005EB2C3 /* JSQSystemSoundPlayer.xcodeproj */;
				},
			);
			projectRoot = "";
			targets = (
				8842B1E11AF6ECBD000FFC99 /* Example-iOS */,
				884ED3831AF6F412009CE403 /* Example-OSX */,
			);
		};
/* End PBXProject section */

/* Begin PBXReferenceProxy section */
		887220341AF6EDF6005EB2C3 /* JSQSystemSoundPlayer.framework */ = {
			isa = PBXReferenceProxy;
			fileType = wrapper.framework;
			path = JSQSystemSoundPlayer.framework;
			remoteRef = 887220331AF6EDF6005EB2C3 /* PBXContainerItemProxy */;
			sourceTree = BUILT_PRODUCTS_DIR;
		};
		887220361AF6EDF6005EB2C3 /* JSQSystemSoundPlayerTests.xctest */ = {
			isa = PBXReferenceProxy;
			fileType = wrapper.cfbundle;
			path = JSQSystemSoundPlayerTests.xctest;
			remoteRef = 887220351AF6EDF6005EB2C3 /* PBXContainerItemProxy */;
			sourceTree = BUILT_PRODUCTS_DIR;
		};
		887220381AF6EDF6005EB2C3 /* JSQSystemSoundPlayer.framework */ = {
			isa = PBXReferenceProxy;
			fileType = wrapper.framework;
			path = JSQSystemSoundPlayer.framework;
			remoteRef = 887220371AF6EDF6005EB2C3 /* PBXContainerItemProxy */;
			sourceTree = BUILT_PRODUCTS_DIR;
		};
/* End PBXReferenceProxy section */

/* Begin PBXResourcesBuildPhase section */
		8842B1E01AF6ECBD000FFC99 /* Resources */ = {
			isa = PBXResourcesBuildPhase;
			buildActionMask = 2147483647;
			files = (
				8842B1F11AF6ECBD000FFC99 /* Main.storyboard in Resources */,
				887220461AF6EEAE005EB2C3 /* Basso.aif in Resources */,
				8842B1F61AF6ECBD000FFC99 /* LaunchScreen.xib in Resources */,
				887220471AF6EEAE005EB2C3 /* Funk.aiff in Resources */,
				887220451AF6EEAE005EB2C3 /* BalladPiano.caf in Resources */,
				8842B1F31AF6ECBD000FFC99 /* Images.xcassets in Resources */,
			);
			runOnlyForDeploymentPostprocessing = 0;
		};
		884ED3821AF6F412009CE403 /* Resources */ = {
			isa = PBXResourcesBuildPhase;
			buildActionMask = 2147483647;
			files = (
				884ED3AD1AF6F56B009CE403 /* BalladPiano.caf in Resources */,
				884ED38E1AF6F412009CE403 /* Images.xcassets in Resources */,
				884ED3911AF6F412009CE403 /* MainMenu.xib in Resources */,
				884ED3AE1AF6F56B009CE403 /* Basso.aif in Resources */,
				884ED3AF1AF6F56B009CE403 /* Funk.aiff in Resources */,
			);
			runOnlyForDeploymentPostprocessing = 0;
		};
/* End PBXResourcesBuildPhase section */

/* Begin PBXSourcesBuildPhase section */
		8842B1DE1AF6ECBD000FFC99 /* Sources */ = {
			isa = PBXSourcesBuildPhase;
			buildActionMask = 2147483647;
			files = (
				8842B1EE1AF6ECBD000FFC99 /* ViewController.m in Sources */,
				8842B1EB1AF6ECBD000FFC99 /* AppDelegate.m in Sources */,
				8842B1E81AF6ECBD000FFC99 /* main.m in Sources */,
			);
			runOnlyForDeploymentPostprocessing = 0;
		};
		884ED3801AF6F412009CE403 /* Sources */ = {
			isa = PBXSourcesBuildPhase;
			buildActionMask = 2147483647;
			files = (
				884ED38C1AF6F412009CE403 /* main.m in Sources */,
				884ED38A1AF6F412009CE403 /* AppDelegate.m in Sources */,
			);
			runOnlyForDeploymentPostprocessing = 0;
		};
/* End PBXSourcesBuildPhase section */

/* Begin PBXTargetDependency section */
		884ED3A71AF6F504009CE403 /* PBXTargetDependency */ = {
			isa = PBXTargetDependency;
			name = "JSQSystemSoundPlayer-OSX";
			targetProxy = 884ED3A61AF6F504009CE403 /* PBXContainerItemProxy */;
		};
		8872203D1AF6EE3F005EB2C3 /* PBXTargetDependency */ = {
			isa = PBXTargetDependency;
			name = "JSQSystemSoundPlayer-iOS";
			targetProxy = 8872203C1AF6EE3F005EB2C3 /* PBXContainerItemProxy */;
		};
/* End PBXTargetDependency section */

/* Begin PBXVariantGroup section */
		8842B1EF1AF6ECBD000FFC99 /* Main.storyboard */ = {
			isa = PBXVariantGroup;
			children = (
				8842B1F01AF6ECBD000FFC99 /* Base */,
			);
			name = Main.storyboard;
			sourceTree = "<group>";
		};
		8842B1F41AF6ECBD000FFC99 /* LaunchScreen.xib */ = {
			isa = PBXVariantGroup;
			children = (
				8842B1F51AF6ECBD000FFC99 /* Base */,
			);
			name = LaunchScreen.xib;
			sourceTree = "<group>";
		};
		884ED38F1AF6F412009CE403 /* MainMenu.xib */ = {
			isa = PBXVariantGroup;
			children = (
				884ED3901AF6F412009CE403 /* Base */,
			);
			name = MainMenu.xib;
			sourceTree = "<group>";
		};
/* End PBXVariantGroup section */

/* Begin XCBuildConfiguration section */
		8842B2031AF6ECBD000FFC99 /* Debug */ = {
			isa = XCBuildConfiguration;
			buildSettings = {
				ALWAYS_SEARCH_USER_PATHS = NO;
				CLANG_CXX_LANGUAGE_STANDARD = "gnu++0x";
				CLANG_CXX_LIBRARY = "libc++";
				CLANG_ENABLE_MODULES = YES;
				CLANG_ENABLE_OBJC_ARC = YES;
				CLANG_WARN_BOOL_CONVERSION = YES;
				CLANG_WARN_CONSTANT_CONVERSION = YES;
				CLANG_WARN_DIRECT_OBJC_ISA_USAGE = YES_ERROR;
				CLANG_WARN_EMPTY_BODY = YES;
				CLANG_WARN_ENUM_CONVERSION = YES;
				CLANG_WARN_INT_CONVERSION = YES;
				CLANG_WARN_OBJC_ROOT_CLASS = YES_ERROR;
				CLANG_WARN_UNREACHABLE_CODE = YES;
				CLANG_WARN__DUPLICATE_METHOD_MATCH = YES;
				"CODE_SIGN_IDENTITY[sdk=iphoneos*]" = "iPhone Developer";
				COPY_PHASE_STRIP = NO;
				DEBUG_INFORMATION_FORMAT = "dwarf-with-dsym";
				ENABLE_STRICT_OBJC_MSGSEND = YES;
				ENABLE_TESTABILITY = YES;
				GCC_C_LANGUAGE_STANDARD = gnu99;
				GCC_DYNAMIC_NO_PIC = NO;
				GCC_NO_COMMON_BLOCKS = YES;
				GCC_OPTIMIZATION_LEVEL = 0;
				GCC_PREPROCESSOR_DEFINITIONS = (
					"DEBUG=1",
					"$(inherited)",
				);
				GCC_SYMBOLS_PRIVATE_EXTERN = NO;
				GCC_WARN_64_TO_32_BIT_CONVERSION = YES;
				GCC_WARN_ABOUT_RETURN_TYPE = YES_ERROR;
				GCC_WARN_UNDECLARED_SELECTOR = YES;
				GCC_WARN_UNINITIALIZED_AUTOS = YES_AGGRESSIVE;
				GCC_WARN_UNUSED_FUNCTION = YES;
				GCC_WARN_UNUSED_VARIABLE = YES;
				IPHONEOS_DEPLOYMENT_TARGET = 8.0;
				MACOSX_DEPLOYMENT_TARGET = 10.7;
				MTL_ENABLE_DEBUG_INFO = YES;
				ONLY_ACTIVE_ARCH = YES;
				SDKROOT = iphoneos;
				TARGETED_DEVICE_FAMILY = "1,2";
			};
			name = Debug;
		};
		8842B2041AF6ECBD000FFC99 /* Release */ = {
			isa = XCBuildConfiguration;
			buildSettings = {
				ALWAYS_SEARCH_USER_PATHS = NO;
				CLANG_CXX_LANGUAGE_STANDARD = "gnu++0x";
				CLANG_CXX_LIBRARY = "libc++";
				CLANG_ENABLE_MODULES = YES;
				CLANG_ENABLE_OBJC_ARC = YES;
				CLANG_WARN_BOOL_CONVERSION = YES;
				CLANG_WARN_CONSTANT_CONVERSION = YES;
				CLANG_WARN_DIRECT_OBJC_ISA_USAGE = YES_ERROR;
				CLANG_WARN_EMPTY_BODY = YES;
				CLANG_WARN_ENUM_CONVERSION = YES;
				CLANG_WARN_INT_CONVERSION = YES;
				CLANG_WARN_OBJC_ROOT_CLASS = YES_ERROR;
				CLANG_WARN_UNREACHABLE_CODE = YES;
				CLANG_WARN__DUPLICATE_METHOD_MATCH = YES;
				"CODE_SIGN_IDENTITY[sdk=iphoneos*]" = "iPhone Developer";
				COPY_PHASE_STRIP = NO;
				DEBUG_INFORMATION_FORMAT = "dwarf-with-dsym";
				ENABLE_NS_ASSERTIONS = NO;
				ENABLE_STRICT_OBJC_MSGSEND = YES;
				GCC_C_LANGUAGE_STANDARD = gnu99;
				GCC_NO_COMMON_BLOCKS = YES;
				GCC_WARN_64_TO_32_BIT_CONVERSION = YES;
				GCC_WARN_ABOUT_RETURN_TYPE = YES_ERROR;
				GCC_WARN_UNDECLARED_SELECTOR = YES;
				GCC_WARN_UNINITIALIZED_AUTOS = YES_AGGRESSIVE;
				GCC_WARN_UNUSED_FUNCTION = YES;
				GCC_WARN_UNUSED_VARIABLE = YES;
				IPHONEOS_DEPLOYMENT_TARGET = 8.0;
				MACOSX_DEPLOYMENT_TARGET = 10.7;
				MTL_ENABLE_DEBUG_INFO = NO;
				SDKROOT = iphoneos;
				TARGETED_DEVICE_FAMILY = "1,2";
				VALIDATE_PRODUCT = YES;
			};
			name = Release;
		};
		8842B2061AF6ECBD000FFC99 /* Debug */ = {
			isa = XCBuildConfiguration;
			buildSettings = {
				ASSETCATALOG_COMPILER_APPICON_NAME = AppIcon;
				INFOPLIST_FILE = Example/Info.plist;
				IPHONEOS_DEPLOYMENT_TARGET = 8.0;
				LD_RUNPATH_SEARCH_PATHS = "$(inherited) @executable_path/Frameworks";
				PRODUCT_BUNDLE_IDENTIFIER = "com.hexedbits.$(PRODUCT_NAME:rfc1034identifier)";
				PRODUCT_NAME = SoundPlayer;
			};
			name = Debug;
		};
		8842B2071AF6ECBD000FFC99 /* Release */ = {
			isa = XCBuildConfiguration;
			buildSettings = {
				ASSETCATALOG_COMPILER_APPICON_NAME = AppIcon;
				INFOPLIST_FILE = Example/Info.plist;
				IPHONEOS_DEPLOYMENT_TARGET = 8.0;
				LD_RUNPATH_SEARCH_PATHS = "$(inherited) @executable_path/Frameworks";
				PRODUCT_BUNDLE_IDENTIFIER = "com.hexedbits.$(PRODUCT_NAME:rfc1034identifier)";
				PRODUCT_NAME = SoundPlayer;
			};
			name = Release;
		};
		884ED39F1AF6F412009CE403 /* Debug */ = {
			isa = XCBuildConfiguration;
			buildSettings = {
				ASSETCATALOG_COMPILER_APPICON_NAME = AppIcon;
				CODE_SIGN_IDENTITY = "-";
				COMBINE_HIDPI_IMAGES = YES;
				DEBUG_INFORMATION_FORMAT = dwarf;
				GCC_PREPROCESSOR_DEFINITIONS = (
					"DEBUG=1",
					"$(inherited)",
				);
				INFOPLIST_FILE = "Example-OSX/Info.plist";
				LD_RUNPATH_SEARCH_PATHS = "$(inherited) @executable_path/../Frameworks";
				MACOSX_DEPLOYMENT_TARGET = 10.8;
				PRODUCT_BUNDLE_IDENTIFIER = "com.hexedbits.$(PRODUCT_NAME:rfc1034identifier)";
				PRODUCT_NAME = "$(TARGET_NAME)";
				SDKROOT = macosx;
			};
			name = Debug;
		};
		884ED3A01AF6F412009CE403 /* Release */ = {
			isa = XCBuildConfiguration;
			buildSettings = {
				ASSETCATALOG_COMPILER_APPICON_NAME = AppIcon;
				CODE_SIGN_IDENTITY = "-";
				COMBINE_HIDPI_IMAGES = YES;
				INFOPLIST_FILE = "Example-OSX/Info.plist";
				LD_RUNPATH_SEARCH_PATHS = "$(inherited) @executable_path/../Frameworks";
				MACOSX_DEPLOYMENT_TARGET = 10.8;
				PRODUCT_BUNDLE_IDENTIFIER = "com.hexedbits.$(PRODUCT_NAME:rfc1034identifier)";
				PRODUCT_NAME = "$(TARGET_NAME)";
				SDKROOT = macosx;
			};
			name = Release;
		};
/* End XCBuildConfiguration section */

/* Begin XCConfigurationList section */
		8842B1DD1AF6ECBD000FFC99 /* Build configuration list for PBXProject "Example" */ = {
			isa = XCConfigurationList;
			buildConfigurations = (
				8842B2031AF6ECBD000FFC99 /* Debug */,
				8842B2041AF6ECBD000FFC99 /* Release */,
			);
			defaultConfigurationIsVisible = 0;
			defaultConfigurationName = Release;
		};
		8842B2051AF6ECBD000FFC99 /* Build configuration list for PBXNativeTarget "Example-iOS" */ = {
			isa = XCConfigurationList;
			buildConfigurations = (
				8842B2061AF6ECBD000FFC99 /* Debug */,
				8842B2071AF6ECBD000FFC99 /* Release */,
			);
			defaultConfigurationIsVisible = 0;
			defaultConfigurationName = Release;
		};
		884ED39E1AF6F412009CE403 /* Build configuration list for PBXNativeTarget "Example-OSX" */ = {
			isa = XCConfigurationList;
			buildConfigurations = (
				884ED39F1AF6F412009CE403 /* Debug */,
				884ED3A01AF6F412009CE403 /* Release */,
			);
			defaultConfigurationIsVisible = 0;
			defaultConfigurationName = Release;
		};
/* End XCConfigurationList section */
	};
	rootObject = 8842B1DA1AF6ECBD000FFC99 /* Project object */;
}
